// !$*UTF8*$!
{
	archiveVersion = 1;
	classes = {
	};
	objectVersion = 48;
	objects = {

/* Begin PBXBuildFile section */
		6FD82110204690AF009B2BB4 /* AppDelegate.swift in Sources */ = {isa = PBXBuildFile; fileRef = 6FD8210F204690AF009B2BB4 /* AppDelegate.swift */; };
		6FD82115204690AF009B2BB4 /* Main.storyboard in Resources */ = {isa = PBXBuildFile; fileRef = 6FD82113204690AF009B2BB4 /* Main.storyboard */; };
		6FD82117204690AF009B2BB4 /* Assets.xcassets in Resources */ = {isa = PBXBuildFile; fileRef = 6FD82116204690AF009B2BB4 /* Assets.xcassets */; };
		6FD8211A204690AF009B2BB4 /* LaunchScreen.storyboard in Resources */ = {isa = PBXBuildFile; fileRef = 6FD82118204690AF009B2BB4 /* LaunchScreen.storyboard */; };
		6FD821252046910C009B2BB4 /* MovieDetailViewController.swift in Sources */ = {isa = PBXBuildFile; fileRef = 6FD821242046910C009B2BB4 /* MovieDetailViewController.swift */; };
/* End PBXBuildFile section */

/* Begin PBXFileReference section */
		6FD8210C204690AF009B2BB4 /* MoviewViewer.app */ = {isa = PBXFileReference; explicitFileType = wrapper.application; includeInIndex = 0; path = MoviewViewer.app; sourceTree = BUILT_PRODUCTS_DIR; };
		6FD8210F204690AF009B2BB4 /* AppDelegate.swift */ = {isa = PBXFileReference; lastKnownFileType = sourcecode.swift; path = AppDelegate.swift; sourceTree = "<group>"; };
		6FD82114204690AF009B2BB4 /* Base */ = {isa = PBXFileReference; lastKnownFileType = file.storyboard; name = Base; path = Base.lproj/Main.storyboard; sourceTree = "<group>"; };
		6FD82116204690AF009B2BB4 /* Assets.xcassets */ = {isa = PBXFileReference; lastKnownFileType = folder.assetcatalog; path = Assets.xcassets; sourceTree = "<group>"; };
		6FD82119204690AF009B2BB4 /* Base */ = {isa = PBXFileReference; lastKnownFileType = file.storyboard; name = Base; path = Base.lproj/LaunchScreen.storyboard; sourceTree = "<group>"; };
		6FD8211B204690AF009B2BB4 /* Info.plist */ = {isa = PBXFileReference; lastKnownFileType = text.plist.xml; path = Info.plist; sourceTree = "<group>"; };
		6FD821242046910C009B2BB4 /* MovieDetailViewController.swift */ = {isa = PBXFileReference; lastKnownFileType = sourcecode.swift; path = MovieDetailViewController.swift; sourceTree = "<group>"; };
/* End PBXFileReference section */

/* Begin PBXFrameworksBuildPhase section */
		6FD82109204690AF009B2BB4 /* Frameworks */ = {
			isa = PBXFrameworksBuildPhase;
			buildActionMask = 2147483647;
			files = (
			);
			runOnlyForDeploymentPostprocessing = 0;
		};
/* End PBXFrameworksBuildPhase section */

/* Begin PBXGroup section */
		6FD82103204690AF009B2BB4 = {
			isa = PBXGroup;
			children = (
				6FD8210E204690AF009B2BB4 /* MoviewViewer */,
				6FD8210D204690AF009B2BB4 /* Products */,
			);
			sourceTree = "<group>";
		};
		6FD8210D204690AF009B2BB4 /* Products */ = {
			isa = PBXGroup;
			children = (
				6FD8210C204690AF009B2BB4 /* MoviewViewer.app */,
			);
			name = Products;
			sourceTree = "<group>";
		};
		6FD8210E204690AF009B2BB4 /* MoviewViewer */ = {
			isa = PBXGroup;
			children = (
				6FD8210F204690AF009B2BB4 /* AppDelegate.swift */,
				6FD8212620469110009B2BB4 /* API */,
				6FD82121204690BB009B2BB4 /* Controller */,
				6FD82123204690E2009B2BB4 /* Storyboard */,
				6FD82116204690AF009B2BB4 /* Assets.xcassets */,
				6FD8211B204690AF009B2BB4 /* Info.plist */,
			);
			path = MoviewViewer;
			sourceTree = "<group>";
		};
		6FD82121204690BB009B2BB4 /* Controller */ = {
			isa = PBXGroup;
			children = (
				6FD821242046910C009B2BB4 /* MovieDetailViewController.swift */,
			);
			path = Controller;
			sourceTree = "<group>";
		};
		6FD82123204690E2009B2BB4 /* Storyboard */ = {
			isa = PBXGroup;
			children = (
				6FD82118204690AF009B2BB4 /* LaunchScreen.storyboard */,
				6FD82113204690AF009B2BB4 /* Main.storyboard */,
			);
			path = Storyboard;
			sourceTree = "<group>";
		};
		6FD8212620469110009B2BB4 /* API */ = {
			isa = PBXGroup;
			children = (
			);
			path = API;
			sourceTree = "<group>";
		};
/* End PBXGroup section */

/* Begin PBXNativeTarget section */
		6FD8210B204690AF009B2BB4 /* MoviewViewer */ = {
			isa = PBXNativeTarget;
			buildConfigurationList = 6FD8211E204690AF009B2BB4 /* Build configuration list for PBXNativeTarget "MoviewViewer" */;
			buildPhases = (
				6FD82108204690AF009B2BB4 /* Sources */,
				6FD82109204690AF009B2BB4 /* Frameworks */,
				6FD8210A204690AF009B2BB4 /* Resources */,
			);
			buildRules = (
			);
			dependencies = (
			);
			name = MoviewViewer;
			productName = MoviewViewer;
			productReference = 6FD8210C204690AF009B2BB4 /* MoviewViewer.app */;
			productType = "com.apple.product-type.application";
		};
/* End PBXNativeTarget section */

/* Begin PBXProject section */
		6FD82104204690AF009B2BB4 /* Project object */ = {
			isa = PBXProject;
			attributes = {
				LastSwiftUpdateCheck = 0920;
				LastUpgradeCheck = 0920;
				ORGANIZATIONNAME = "Amiel Reyes";
				TargetAttributes = {
					6FD8210B204690AF009B2BB4 = {
						CreatedOnToolsVersion = 9.2;
						ProvisioningStyle = Automatic;
					};
				};
			};
			buildConfigurationList = 6FD82107204690AF009B2BB4 /* Build configuration list for PBXProject "MoviewViewer" */;
			compatibilityVersion = "Xcode 8.0";
			developmentRegion = en;
			hasScannedForEncodings = 0;
			knownRegions = (
				en,
				Base,
			);
			mainGroup = 6FD82103204690AF009B2BB4;
			productRefGroup = 6FD8210D204690AF009B2BB4 /* Products */;
			projectDirPath = "";
			projectRoot = "";
			targets = (
				6FD8210B204690AF009B2BB4 /* MoviewViewer */,
			);
		};
/* End PBXProject section */

/* Begin PBXResourcesBuildPhase section */
		6FD8210A204690AF009B2BB4 /* Resources */ = {
			isa = PBXResourcesBuildPhase;
			buildActionMask = 2147483647;
			files = (
				6FD8211A204690AF009B2BB4 /* LaunchScreen.storyboard in Resources */,
				6FD82117204690AF009B2BB4 /* Assets.xcassets in Resources */,
				6FD82115204690AF009B2BB4 /* Main.storyboard in Resources */,
			);
			runOnlyForDeploymentPostprocessing = 0;
		};
/* End PBXResourcesBuildPhase section */

/* Begin PBXSourcesBuildPhase section */
		6FD82108204690AF009B2BB4 /* Sources */ = {
			isa = PBXSourcesBuildPhase;
			buildActionMask = 2147483647;
			files = (
				6FD821252046910C009B2BB4 /* MovieDetailViewController.swift in Sources */,
				6FD82110204690AF009B2BB4 /* AppDelegate.swift in Sources */,
			);
			runOnlyForDeploymentPostprocessing = 0;
		};
/* End PBXSourcesBuildPhase section */

/* Begin PBXVariantGroup section */
		6FD82113204690AF009B2BB4 /* Main.storyboard */ = {
			isa = PBXVariantGroup;
			children = (
				6FD82114204690AF009B2BB4 /* Base */,
			);
			name = Main.storyboard;
			sourceTree = "<group>";
		};
		6FD82118204690AF009B2BB4 /* LaunchScreen.storyboard */ = {
			isa = PBXVariantGroup;
			children = (
				6FD82119204690AF009B2BB4 /* Base */,
			);
			name = LaunchScreen.storyboard;
			sourceTree = "<group>";
		};
/* End PBXVariantGroup section */

/* Begin XCBuildConfiguration section */
		6FD8211C204690AF009B2BB4 /* Debug */ = {
			isa = XCBuildConfiguration;
			buildSettings = {
				ALWAYS_SEARCH_USER_PATHS = NO;
				CLANG_ANALYZER_NONNULL = YES;
				CLANG_ANALYZER_NUMBER_OBJECT_CONVERSION = YES_AGGRESSIVE;
				CLANG_CXX_LANGUAGE_STANDARD = "gnu++14";
				CLANG_CXX_LIBRARY = "libc++";
				CLANG_ENABLE_MODULES = YES;
				CLANG_ENABLE_OBJC_ARC = YES;
				CLANG_WARN_BLOCK_CAPTURE_AUTORELEASING = YES;
				CLANG_WARN_BOOL_CONVERSION = YES;
				CLANG_WARN_COMMA = YES;
				CLANG_WARN_CONSTANT_CONVERSION = YES;
				CLANG_WARN_DIRECT_OBJC_ISA_USAGE = YES_ERROR;
				CLANG_WARN_DOCUMENTATION_COMMENTS = YES;
				CLANG_WARN_EMPTY_BODY = YES;
				CLANG_WARN_ENUM_CONVERSION = YES;
				CLANG_WARN_INFINITE_RECURSION = YES;
				CLANG_WARN_INT_CONVERSION = YES;
				CLANG_WARN_NON_LITERAL_NULL_CONVERSION = YES;
				CLANG_WARN_OBJC_LITERAL_CONVERSION = YES;
				CLANG_WARN_OBJC_ROOT_CLASS = YES_ERROR;
				CLANG_WARN_RANGE_LOOP_ANALYSIS = YES;
				CLANG_WARN_STRICT_PROTOTYPES = YES;
				CLANG_WARN_SUSPICIOUS_MOVE = YES;
				CLANG_WARN_UNGUARDED_AVAILABILITY = YES_AGGRESSIVE;
				CLANG_WARN_UNREACHABLE_CODE = YES;
				CLANG_WARN__DUPLICATE_METHOD_MATCH = YES;
				CODE_SIGN_IDENTITY = "iPhone Developer";
				COPY_PHASE_STRIP = NO;
				DEBUG_INFORMATION_FORMAT = dwarf;
				ENABLE_STRICT_OBJC_MSGSEND = YES;
				ENABLE_TESTABILITY = YES;
				GCC_C_LANGUAGE_STANDARD = gnu11;
				GCC_DYNAMIC_NO_PIC = NO;
				GCC_NO_COMMON_BLOCKS = YES;
				GCC_OPTIMIZATION_LEVEL = 0;
				GCC_PREPROCESSOR_DEFINITIONS = (
					"DEBUG=1",
					"$(inherited)",
				);
				GCC_WARN_64_TO_32_BIT_CONVERSION = YES;
				GCC_WARN_ABOUT_RETURN_TYPE = YES_ERROR;
				GCC_WARN_UNDECLARED_SELECTOR = YES;
				GCC_WARN_UNINITIALIZED_AUTOS = YES_AGGRESSIVE;
				GCC_WARN_UNUSED_FUNCTION = YES;
				GCC_WARN_UNUSED_VARIABLE = YES;
				IPHONEOS_DEPLOYMENT_TARGET = 11.2;
				MTL_ENABLE_DEBUG_INFO = YES;
				ONLY_ACTIVE_ARCH = YES;
				SDKROOT = iphoneos;
				SWIFT_ACTIVE_COMPILATION_CONDITIONS = DEBUG;
				SWIFT_OPTIMIZATION_LEVEL = "-Onone";
			};
			name = Debug;
		};
		6FD8211D204690AF009B2BB4 /* Release */ = {
			isa = XCBuildConfiguration;
			buildSettings = {
				ALWAYS_SEARCH_USER_PATHS = NO;
				CLANG_ANALYZER_NONNULL = YES;
				CLANG_ANALYZER_NUMBER_OBJECT_CONVERSION = YES_AGGRESSIVE;
				CLANG_CXX_LANGUAGE_STANDARD = "gnu++14";
				CLANG_CXX_LIBRARY = "libc++";
				CLANG_ENABLE_MODULES = YES;
				CLANG_ENABLE_OBJC_ARC = YES;
				CLANG_WARN_BLOCK_CAPTURE_AUTORELEASING = YES;
				CLANG_WARN_BOOL_CONVERSION = YES;
				CLANG_WARN_COMMA = YES;
				CLANG_WARN_CONSTANT_CONVERSION = YES;
				CLANG_WARN_DIRECT_OBJC_ISA_USAGE = YES_ERROR;
				CLANG_WARN_DOCUMENTATION_COMMENTS = YES;
				CLANG_WARN_EMPTY_BODY = YES;
				CLANG_WARN_ENUM_CONVERSION = YES;
				CLANG_WARN_INFINITE_RECURSION = YES;
				CLANG_WARN_INT_CONVERSION = YES;
				CLANG_WARN_NON_LITERAL_NULL_CONVERSION = YES;
				CLANG_WARN_OBJC_LITERAL_CONVERSION = YES;
				CLANG_WARN_OBJC_ROOT_CLASS = YES_ERROR;
				CLANG_WARN_RANGE_LOOP_ANALYSIS = YES;
				CLANG_WARN_STRICT_PROTOTYPES = YES;
				CLANG_WARN_SUSPICIOUS_MOVE = YES;
				CLANG_WARN_UNGUARDED_AVAILABILITY = YES_AGGRESSIVE;
				CLANG_WARN_UNREACHABLE_CODE = YES;
				CLANG_WARN__DUPLICATE_METHOD_MATCH = YES;
				CODE_SIGN_IDENTITY = "iPhone Developer";
				COPY_PHASE_STRIP = NO;
				DEBUG_INFORMATION_FORMAT = "dwarf-with-dsym";
				ENABLE_NS_ASSERTIONS = NO;
				ENABLE_STRICT_OBJC_MSGSEND = YES;
				GCC_C_LANGUAGE_STANDARD = gnu11;
				GCC_NO_COMMON_BLOCKS = YES;
				GCC_WARN_64_TO_32_BIT_CONVERSION = YES;
				GCC_WARN_ABOUT_RETURN_TYPE = YES_ERROR;
				GCC_WARN_UNDECLARED_SELECTOR = YES;
				GCC_WARN_UNINITIALIZED_AUTOS = YES_AGGRESSIVE;
				GCC_WARN_UNUSED_FUNCTION = YES;
				GCC_WARN_UNUSED_VARIABLE = YES;
				IPHONEOS_DEPLOYMENT_TARGET = 11.2;
				MTL_ENABLE_DEBUG_INFO = NO;
				SDKROOT = iphoneos;
				SWIFT_OPTIMIZATION_LEVEL = "-Owholemodule";
				VALIDATE_PRODUCT = YES;
			};
			name = Release;
		};
		6FD8211F204690AF009B2BB4 /* Debug */ = {
			isa = XCBuildConfiguration;
			buildSettings = {
				ASSETCATALOG_COMPILER_APPICON_NAME = AppIcon;
				CODE_SIGN_STYLE = Automatic;
				DEVELOPMENT_TEAM = NV4VWT4KK5;
				INFOPLIST_FILE = MoviewViewer/Info.plist;
				LD_RUNPATH_SEARCH_PATHS = "$(inherited) @executable_path/Frameworks";
				PRODUCT_BUNDLE_IDENTIFIER = com.igz.MoviewViewer;
				PRODUCT_NAME = "$(TARGET_NAME)";
				SWIFT_VERSION = 4.0;
				TARGETED_DEVICE_FAMILY = "1,2";
			};
			name = Debug;
		};
		6FD82120204690AF009B2BB4 /* Release */ = {
			isa = XCBuildConfiguration;
			buildSettings = {
				ASSETCATALOG_COMPILER_APPICON_NAME = AppIcon;
				CODE_SIGN_STYLE = Automatic;
				DEVELOPMENT_TEAM = NV4VWT4KK5;
				INFOPLIST_FILE = MoviewViewer/Info.plist;
				LD_RUNPATH_SEARCH_PATHS = "$(inherited) @executable_path/Frameworks";
				PRODUCT_BUNDLE_IDENTIFIER = com.igz.MoviewViewer;
				PRODUCT_NAME = "$(TARGET_NAME)";
				SWIFT_VERSION = 4.0;
				TARGETED_DEVICE_FAMILY = "1,2";
			};
			name = Release;
		};
/* End XCBuildConfiguration section */

/* Begin XCConfigurationList section */
		6FD82107204690AF009B2BB4 /* Build configuration list for PBXProject "MoviewViewer" */ = {
			isa = XCConfigurationList;
			buildConfigurations = (
				6FD8211C204690AF009B2BB4 /* Debug */,
				6FD8211D204690AF009B2BB4 /* Release */,
			);
			defaultConfigurationIsVisible = 0;
			defaultConfigurationName = Release;
		};
		6FD8211E204690AF009B2BB4 /* Build configuration list for PBXNativeTarget "MoviewViewer" */ = {
			isa = XCConfigurationList;
			buildConfigurations = (
				6FD8211F204690AF009B2BB4 /* Debug */,
				6FD82120204690AF009B2BB4 /* Release */,
			);
			defaultConfigurationIsVisible = 0;
			defaultConfigurationName = Release;
		};
/* End XCConfigurationList section */
	};
	rootObject = 6FD82104204690AF009B2BB4 /* Project object */;
}
